<Solution>
  <Project Path="Application/Application.csproj" />
  <Project Path="Domain/Domain.csproj" />
  <Project Path="EventApi.IntegrationTests/EventApi.IntegrationTests.csproj" />
  <Project Path="EventApi.Tests\EventApi.Tests.csproj" />
  <Project Path="EventApi\EventApi.csproj" />
  <Project Path="Infrastructure/Infrastructure.csproj" />
</Solution>
